upstream_name=Sunshine
upstream_repo=https://github.com/LizardByte/Sunshine.git
github_parent=LizardByte/Sunshine
fork_repo=https://github.com/neokura/WayShine.git
fork_model=official-github-fork
upstream_default_branch=master
wayshine_branch=main
base_tag=v2026.508.45922
base_commit=810783dc7c7200fcb613c7d0919f6c8a7bbbebb9
last_synced_at_utc=2026-05-12T20:13:16Z
history_policy=preserve upstream Sunshine history to keep GitHub fork relationship
